
Microsoft Visual Studio Solution File, Format Version 12.00
# Visual Studio Version 18
VisualStudioVersion = 18.4.11612.150 stable
MinimumVisualStudioVersion = 10.0.40219.1
Project("{FAE04EC0-301F-11D3-BF4B-00C04F79EFBC}") = "GridAcademy", "GridAcademy.csproj", "{0C30C7F0-A95C-ED60-394D-54ACC2D50BAF}"
EndProject
Global
	GlobalSection(SolutionConfigurationPlatforms) = preSolution
		Debug|Any CPU = Debug|Any CPU
		Release|Any CPU = Release|Any CPU
	EndGlobalSection
	GlobalSection(ProjectConfigurationPlatforms) = postSolution
		{0C30C7F0-A95C-ED60-394D-54ACC2D50BAF}.Debug|Any CPU.ActiveCfg = Debug|Any CPU
		{0C30C7F0-A95C-ED60-394D-54ACC2D50BAF}.Debug|Any CPU.Build.0 = Debug|Any CPU
		{0C30C7F0-A95C-ED60-394D-54ACC2D50BAF}.Release|Any CPU.ActiveCfg = Release|Any CPU
		{0C30C7F0-A95C-ED60-394D-54ACC2D50BAF}.Release|Any CPU.Build.0 = Release|Any CPU
	EndGlobalSection
	GlobalSection(SolutionProperties) = preSolution
		HideSolutionNode = FALSE
	EndGlobalSection
	GlobalSection(ExtensibilityGlobals) = postSolution
		SolutionGuid = {29EA49E1-2FB0-469D-AB88-FCA57DA3BFB7}
	EndGlobalSection
EndGlobal
